
Microsoft Visual Studio Solution File, Format Version 12.00
# Visual Studio Version 17
VisualStudioVersion = 17.7.34024.191
MinimumVisualStudioVersion = 10.0.40219.1
Project("{FAE04EC0-301F-11D3-BF4B-00C04F79EFBC}") = "EJERCI1_LDVP", "EJERCI1_LDVP.csproj", "{02D5C80C-7444-4823-A056-4C214F2E7BAE}"
EndProject
Global
	GlobalSection(SolutionConfigurationPlatforms) = preSolution
		Debug|Any CPU = Debug|Any CPU
		Release|Any CPU = Release|Any CPU
	EndGlobalSection
	GlobalSection(ProjectConfigurationPlatforms) = postSolution
		{02D5C80C-7444-4823-A056-4C214F2E7BAE}.Debug|Any CPU.ActiveCfg = Debug|Any CPU
		{02D5C80C-7444-4823-A056-4C214F2E7BAE}.Debug|Any CPU.Build.0 = Debug|Any CPU
		{02D5C80C-7444-4823-A056-4C214F2E7BAE}.Release|Any CPU.ActiveCfg = Release|Any CPU
		{02D5C80C-7444-4823-A056-4C214F2E7BAE}.Release|Any CPU.Build.0 = Release|Any CPU
	EndGlobalSection
	GlobalSection(SolutionProperties) = preSolution
		HideSolutionNode = FALSE
	EndGlobalSection
	GlobalSection(ExtensibilityGlobals) = postSolution
		SolutionGuid = {2DB42988-4453-454C-B529-DDF0F3A29D80}
	EndGlobalSection
EndGlobal
